<?xml version="1.0" encoding="UTF-8" standalone="yes" ?>
<CodeBlocks_project_file>
	<FileVersion major="1" minor="6" />
	<Project>
		<Option title="server" />
		<Option pch_mode="2" />
		<Option compiler="gcc" />
		<Build>
			<Target title="Debug">
				<Option output="bin/Debug/server" prefix_auto="1" extension_auto="1" />
				<Option object_output="obj/Debug/" />
				<Option type="1" />
				<Option compiler="gcc" />
				<Compiler>
					<Add option="-g" />
				</Compiler>
			</Target>
			<Target title="Release">
				<Option output="bin/Release/server" prefix_auto="1" extension_auto="1" />
				<Option object_output="obj/Release/" />
				<Option type="1" />
				<Option compiler="gcc" />
				<Compiler>
					<Add option="-O2" />
				</Compiler>
				<Linker>
					<Add option="-s" />
				</Linker>
			</Target>
		</Build>
		<Compiler>
			<Add option="-Wall" />
			<Add option="-fexceptions" />
			<Add option="-std=c++14" />
		</Compiler>
		<Linker>
			<Add option="-lboost_system-mt" />
			<Add option="-lboost_filesystem-mt" />
			<Add option="-lboost_iostreams-mt" />
			<Add option="-lws2_32" />
		</Linker>
		<Unit filename="../lib/SimpleJSON/parse/jsd.h" />
		<Unit filename="../lib/SimpleJSON/parse/jsd_array.h" />
		<Unit filename="../lib/SimpleJSON/parse/jsd_atomic.h" />
		<Unit filename="../lib/SimpleJSON/parse/jsd_check.h" />
		<Unit filename="../lib/SimpleJSON/parse/jsd_container.h" />
		<Unit filename="../lib/SimpleJSON/parse/jsd_convenience.h" />
		<Unit filename="../lib/SimpleJSON/parse/jsd_core.h" />
		<Unit filename="../lib/SimpleJSON/parse/jsd_fundamental.cpp" />
		<Unit filename="../lib/SimpleJSON/parse/jsd_fundamental.h" />
		<Unit filename="../lib/SimpleJSON/parse/jsd_fusion_adapted_struct.h" />
		<Unit filename="../lib/SimpleJSON/parse/jsd_generic_parser.cpp" />
		<Unit filename="../lib/SimpleJSON/parse/jsd_generic_parser.h" />
		<Unit filename="../lib/SimpleJSON/parse/jsd_map.h" />
		<Unit filename="../lib/SimpleJSON/parse/jsd_object.h" />
		<Unit filename="../lib/SimpleJSON/parse/jsd_options.cpp" />
		<Unit filename="../lib/SimpleJSON/parse/jsd_options.h" />
		<Unit filename="../lib/SimpleJSON/parse/jsd_pair.h" />
		<Unit filename="../lib/SimpleJSON/parse/jsd_set.h" />
		<Unit filename="../lib/SimpleJSON/parse/jsd_string.cpp" />
		<Unit filename="../lib/SimpleJSON/parse/jsd_string.h" />
		<Unit filename="../lib/SimpleJSON/parse/jsd_unique_ptr.h" />
		<Unit filename="../lib/SimpleJSON/stringify/container_traits.h" />
		<Unit filename="../lib/SimpleJSON/stringify/integer_of_size.h" />
		<Unit filename="../lib/SimpleJSON/stringify/iterator_traits.h" />
		<Unit filename="../lib/SimpleJSON/stringify/jss.h" />
		<Unit filename="../lib/SimpleJSON/stringify/jss_array.h" />
		<Unit filename="../lib/SimpleJSON/stringify/jss_atomic.h" />
		<Unit filename="../lib/SimpleJSON/stringify/jss_bidirectional.h" />
		<Unit filename="../lib/SimpleJSON/stringify/jss_bitset.h" />
		<Unit filename="../lib/SimpleJSON/stringify/jss_check.h" />
		<Unit filename="../lib/SimpleJSON/stringify/jss_container.h" />
		<Unit filename="../lib/SimpleJSON/stringify/jss_convenience.h" />
		<Unit filename="../lib/SimpleJSON/stringify/jss_core.h" />
		<Unit filename="../lib/SimpleJSON/stringify/jss_deque.h" />
		<Unit filename="../lib/SimpleJSON/stringify/jss_error.cpp" />
		<Unit filename="../lib/SimpleJSON/stringify/jss_error.h" />
		<Unit filename="../lib/SimpleJSON/stringify/jss_extended.h" />
		<Unit filename="../lib/SimpleJSON/stringify/jss_forward.h" />
		<Unit filename="../lib/SimpleJSON/stringify/jss_forward_list.h" />
		<Unit filename="../lib/SimpleJSON/stringify/jss_fundamental.cpp" />
		<Unit filename="../lib/SimpleJSON/stringify/jss_fundamental.h" />
		<Unit filename="../lib/SimpleJSON/stringify/jss_fusion_adapted_struct.h" />
		<Unit filename="../lib/SimpleJSON/stringify/jss_fusion_vector.h" />
		<Unit filename="../lib/SimpleJSON/stringify/jss_initializer_list.h" />
		<Unit filename="../lib/SimpleJSON/stringify/jss_iterator.h" />
		<Unit filename="../lib/SimpleJSON/stringify/jss_list.h" />
		<Unit filename="../lib/SimpleJSON/stringify/jss_map.h" />
		<Unit filename="../lib/SimpleJSON/stringify/jss_mutex.h" />
		<Unit filename="../lib/SimpleJSON/stringify/jss_object.cpp" />
		<Unit filename="../lib/SimpleJSON/stringify/jss_object.h" />
		<Unit filename="../lib/SimpleJSON/stringify/jss_options.cpp" />
		<Unit filename="../lib/SimpleJSON/stringify/jss_options.h" />
		<Unit filename="../lib/SimpleJSON/stringify/jss_pair.h" />
		<Unit filename="../lib/SimpleJSON/stringify/jss_pointer.cpp" />
		<Unit filename="../lib/SimpleJSON/stringify/jss_pointer.h" />
		<Unit filename="../lib/SimpleJSON/stringify/jss_queue.h" />
		<Unit filename="../lib/SimpleJSON/stringify/jss_random_access.h" />
		<Unit filename="../lib/SimpleJSON/stringify/jss_set.h" />
		<Unit filename="../lib/SimpleJSON/stringify/jss_shared_ptr.h" />
		<Unit filename="../lib/SimpleJSON/stringify/jss_smart_ptr.h" />
		<Unit filename="../lib/SimpleJSON/stringify/jss_stack.h" />
		<Unit filename="../lib/SimpleJSON/stringify/jss_string.cpp" />
		<Unit filename="../lib/SimpleJSON/stringify/jss_string.h" />
		<Unit filename="../lib/SimpleJSON/stringify/jss_struct.h" />
		<Unit filename="../lib/SimpleJSON/stringify/jss_tuple.h" />
		<Unit filename="../lib/SimpleJSON/stringify/jss_undefine.h" />
		<Unit filename="../lib/SimpleJSON/stringify/jss_unique_ptr.h" />
		<Unit filename="../lib/SimpleJSON/stringify/jss_valarray.h" />
		<Unit filename="../lib/SimpleJSON/stringify/jss_vector.h" />
		<Unit filename="../lib/SimpleJSON/stringify/jss_void.cpp" />
		<Unit filename="../lib/SimpleJSON/stringify/jss_void.h" />
		<Unit filename="../lib/SimpleJSON/stringify/jss_weak_ptr.h" />
		<Unit filename="../lib/SimpleJSON/test.cpp" />
		<Unit filename="../lib/SimpleJSON/test.h" />
		<Unit filename="../lib/SimpleJSON/utility/base64.cpp" />
		<Unit filename="../lib/SimpleJSON/utility/base64.h" />
		<Unit filename="../lib/SimpleJSON/utility/beauty_stream.cpp" />
		<Unit filename="../lib/SimpleJSON/utility/beauty_stream.h" />
		<Unit filename="../lib/dukextpp/core.cpp" />
		<Unit filename="../lib/dukextpp/core.hpp" />
		<Unit filename="../lib/dukextpp/duktape.cpp" />
		<Unit filename="../lib/dukextpp/duktape.hpp" />
		<Unit filename="../lib/dukextpp/duktape/src/duk_config.h" />
		<Unit filename="../lib/dukextpp/duktape/src/duktape.c">
			<Option compilerVar="CC" />
		</Unit>
		<Unit filename="../lib/dukextpp/duktape/src/duktape.h" />
		<Unit filename="../lib/dukextpp/object.cpp" />
		<Unit filename="../lib/dukextpp/object.hpp" />
		<Unit filename="../lib/dukextpp/object_fwd.hpp" />
		<Unit filename="../lib/dukextpp/plugins/error/error.cpp" />
		<Unit filename="../lib/dukextpp/plugins/error/error.hpp" />
		<Unit filename="../lib/dukextpp/plugins/node/module/helper.hpp" />
		<Unit filename="../lib/dukextpp/plugins/node/module/module.cpp" />
		<Unit filename="../lib/dukextpp/plugins/node/module/module.hpp" />
		<Unit filename="../lib/dukextpp/plugins/node/module/npm_package.cpp" />
		<Unit filename="../lib/dukextpp/plugins/node/module/npm_package.hpp" />
		<Unit filename="../lib/dukextpp/plugins/node/module/scripts.cpp" />
		<Unit filename="../lib/dukextpp/plugins/node/module/scripts.hpp" />
		<Unit filename="../lib/dukextpp/plugins/node/process/internals/objects.hpp" />
		<Unit filename="../lib/dukextpp/plugins/node/process/process.cpp" />
		<Unit filename="../lib/dukextpp/plugins/node/process/process.hpp" />
		<Unit filename="../lib/dukextpp/plugins/plugin.hpp" />
		<Unit filename="../lib/dukextpp/push_value.cpp" />
		<Unit filename="../lib/dukextpp/push_value.hpp" />
		<Unit filename="../lib/dukextpp/type_stubs.hpp" />
		<Unit filename="../lib/dukextpp/utility.cpp" />
		<Unit filename="../lib/dukextpp/utility.hpp" />
		<Unit filename="main.cpp" />
		<Unit filename="rest/connection.cpp" />
		<Unit filename="rest/connection.hpp" />
		<Unit filename="rest/forward.hpp" />
		<Unit filename="rest/io_service_provider.cpp" />
		<Unit filename="rest/io_service_provider.hpp" />
		<Unit filename="rest/server.cpp" />
		<Unit filename="rest/server.hpp" />
		<Unit filename="rest/user_id.cpp" />
		<Unit filename="rest/user_id.hpp" />
		<Extensions>
			<code_completion />
			<envvars />
			<debugger />
			<lib_finder disable_auto="1" />
		</Extensions>
	</Project>
</CodeBlocks_project_file>
