<?xml version="1.0" encoding="UTF-8" standalone="yes" ?>
<CodeBlocks_project_file>
	<FileVersion major="1" minor="6" />
	<Project>
		<Option title="server" />
		<Option pch_mode="2" />
		<Option compiler="gcc" />
		<Build>
			<Target title="Debug">
				<Option output="bin/Debug/server" prefix_auto="1" extension_auto="1" />
				<Option object_output="obj/Debug/" />
				<Option type="1" />
				<Option compiler="gcc" />
				<Compiler>
					<Add option="-g" />
				</Compiler>
			</Target>
			<Target title="Release">
				<Option output="bin/Release/server" prefix_auto="1" extension_auto="1" />
				<Option object_output="obj/Release/" />
				<Option type="1" />
				<Option compiler="gcc" />
				<Compiler>
					<Add option="-O2" />
				</Compiler>
				<Linker>
					<Add option="-s" />
				</Linker>
			</Target>
		</Build>
		<Compiler>
			<Add option="-Wall" />
			<Add option="-fexceptions" />
			<Add option="-std=c++14" />
			<Add directory="../lib/sqlpp11/include" />
			<Add directory="../lib/sqlpp11-connector-sqlite3/include" />
		</Compiler>
		<Linker>
			<Add option="-lboost_system-mt" />
			<Add option="-lboost_filesystem-mt" />
			<Add option="-lboost_iostreams-mt" />
			<Add option="-lws2_32" />
			<Add option="-lsqlite3" />
		</Linker>
		<Unit filename="../lib/SimpleJSON/parse/jsd.h" />
		<Unit filename="../lib/SimpleJSON/parse/jsd_array.h" />
		<Unit filename="../lib/SimpleJSON/parse/jsd_atomic.h" />
		<Unit filename="../lib/SimpleJSON/parse/jsd_check.h" />
		<Unit filename="../lib/SimpleJSON/parse/jsd_container.h" />
		<Unit filename="../lib/SimpleJSON/parse/jsd_convenience.h" />
		<Unit filename="../lib/SimpleJSON/parse/jsd_core.h" />
		<Unit filename="../lib/SimpleJSON/parse/jsd_fundamental.cpp" />
		<Unit filename="../lib/SimpleJSON/parse/jsd_fundamental.h" />
		<Unit filename="../lib/SimpleJSON/parse/jsd_fusion_adapted_struct.h" />
		<Unit filename="../lib/SimpleJSON/parse/jsd_generic_parser.cpp" />
		<Unit filename="../lib/SimpleJSON/parse/jsd_generic_parser.h" />
		<Unit filename="../lib/SimpleJSON/parse/jsd_map.h" />
		<Unit filename="../lib/SimpleJSON/parse/jsd_object.h" />
		<Unit filename="../lib/SimpleJSON/parse/jsd_options.cpp" />
		<Unit filename="../lib/SimpleJSON/parse/jsd_options.h" />
		<Unit filename="../lib/SimpleJSON/parse/jsd_pair.h" />
		<Unit filename="../lib/SimpleJSON/parse/jsd_set.h" />
		<Unit filename="../lib/SimpleJSON/parse/jsd_string.cpp" />
		<Unit filename="../lib/SimpleJSON/parse/jsd_string.h" />
		<Unit filename="../lib/SimpleJSON/parse/jsd_unique_ptr.h" />
		<Unit filename="../lib/SimpleJSON/stringify/container_traits.h" />
		<Unit filename="../lib/SimpleJSON/stringify/integer_of_size.h" />
		<Unit filename="../lib/SimpleJSON/stringify/iterator_traits.h" />
		<Unit filename="../lib/SimpleJSON/stringify/jss.h" />
		<Unit filename="../lib/SimpleJSON/stringify/jss_array.h" />
		<Unit filename="../lib/SimpleJSON/stringify/jss_atomic.h" />
		<Unit filename="../lib/SimpleJSON/stringify/jss_bidirectional.h" />
		<Unit filename="../lib/SimpleJSON/stringify/jss_bitset.h" />
		<Unit filename="../lib/SimpleJSON/stringify/jss_check.h" />
		<Unit filename="../lib/SimpleJSON/stringify/jss_container.h" />
		<Unit filename="../lib/SimpleJSON/stringify/jss_convenience.h" />
		<Unit filename="../lib/SimpleJSON/stringify/jss_core.h" />
		<Unit filename="../lib/SimpleJSON/stringify/jss_deque.h" />
		<Unit filename="../lib/SimpleJSON/stringify/jss_error.cpp" />
		<Unit filename="../lib/SimpleJSON/stringify/jss_error.h" />
		<Unit filename="../lib/SimpleJSON/stringify/jss_extended.h" />
		<Unit filename="../lib/SimpleJSON/stringify/jss_forward.h" />
		<Unit filename="../lib/SimpleJSON/stringify/jss_forward_list.h" />
		<Unit filename="../lib/SimpleJSON/stringify/jss_fundamental.cpp" />
		<Unit filename="../lib/SimpleJSON/stringify/jss_fundamental.h" />
		<Unit filename="../lib/SimpleJSON/stringify/jss_fusion_adapted_struct.h" />
		<Unit filename="../lib/SimpleJSON/stringify/jss_fusion_vector.h" />
		<Unit filename="../lib/SimpleJSON/stringify/jss_initializer_list.h" />
		<Unit filename="../lib/SimpleJSON/stringify/jss_iterator.h" />
		<Unit filename="../lib/SimpleJSON/stringify/jss_list.h" />
		<Unit filename="../lib/SimpleJSON/stringify/jss_map.h" />
		<Unit filename="../lib/SimpleJSON/stringify/jss_mutex.h" />
		<Unit filename="../lib/SimpleJSON/stringify/jss_object.cpp" />
		<Unit filename="../lib/SimpleJSON/stringify/jss_object.h" />
		<Unit filename="../lib/SimpleJSON/stringify/jss_options.cpp" />
		<Unit filename="../lib/SimpleJSON/stringify/jss_options.h" />
		<Unit filename="../lib/SimpleJSON/stringify/jss_pair.h" />
		<Unit filename="../lib/SimpleJSON/stringify/jss_pointer.cpp" />
		<Unit filename="../lib/SimpleJSON/stringify/jss_pointer.h" />
		<Unit filename="../lib/SimpleJSON/stringify/jss_queue.h" />
		<Unit filename="../lib/SimpleJSON/stringify/jss_random_access.h" />
		<Unit filename="../lib/SimpleJSON/stringify/jss_set.h" />
		<Unit filename="../lib/SimpleJSON/stringify/jss_shared_ptr.h" />
		<Unit filename="../lib/SimpleJSON/stringify/jss_smart_ptr.h" />
		<Unit filename="../lib/SimpleJSON/stringify/jss_stack.h" />
		<Unit filename="../lib/SimpleJSON/stringify/jss_string.cpp" />
		<Unit filename="../lib/SimpleJSON/stringify/jss_string.h" />
		<Unit filename="../lib/SimpleJSON/stringify/jss_struct.h" />
		<Unit filename="../lib/SimpleJSON/stringify/jss_tuple.h" />
		<Unit filename="../lib/SimpleJSON/stringify/jss_undefine.h" />
		<Unit filename="../lib/SimpleJSON/stringify/jss_unique_ptr.h" />
		<Unit filename="../lib/SimpleJSON/stringify/jss_valarray.h" />
		<Unit filename="../lib/SimpleJSON/stringify/jss_vector.h" />
		<Unit filename="../lib/SimpleJSON/stringify/jss_void.cpp" />
		<Unit filename="../lib/SimpleJSON/stringify/jss_void.h" />
		<Unit filename="../lib/SimpleJSON/stringify/jss_weak_ptr.h" />
		<Unit filename="../lib/SimpleJSON/test.cpp" />
		<Unit filename="../lib/SimpleJSON/test.h" />
		<Unit filename="../lib/SimpleJSON/utility/base64.cpp" />
		<Unit filename="../lib/SimpleJSON/utility/base64.h" />
		<Unit filename="../lib/SimpleJSON/utility/beauty_stream.cpp" />
		<Unit filename="../lib/SimpleJSON/utility/beauty_stream.h" />
		<Unit filename="../lib/SimpleREST/connection.cpp" />
		<Unit filename="../lib/SimpleREST/connection.hpp" />
		<Unit filename="../lib/SimpleREST/exceptions.cpp" />
		<Unit filename="../lib/SimpleREST/exceptions.hpp" />
		<Unit filename="../lib/SimpleREST/forward.hpp" />
		<Unit filename="../lib/SimpleREST/header.hpp" />
		<Unit filename="../lib/SimpleREST/io_service_provider.cpp" />
		<Unit filename="../lib/SimpleREST/io_service_provider.hpp" />
		<Unit filename="../lib/SimpleREST/mime.cpp" />
		<Unit filename="../lib/SimpleREST/mime.hpp" />
		<Unit filename="../lib/SimpleREST/request.cpp" />
		<Unit filename="../lib/SimpleREST/request.hpp" />
		<Unit filename="../lib/SimpleREST/request_header.hpp" />
		<Unit filename="../lib/SimpleREST/response.cpp" />
		<Unit filename="../lib/SimpleREST/response.hpp" />
		<Unit filename="../lib/SimpleREST/response_code.hpp" />
		<Unit filename="../lib/SimpleREST/response_header.cpp" />
		<Unit filename="../lib/SimpleREST/response_header.hpp" />
		<Unit filename="../lib/SimpleREST/restful.cpp" />
		<Unit filename="../lib/SimpleREST/restful.hpp" />
		<Unit filename="../lib/SimpleREST/server.cpp" />
		<Unit filename="../lib/SimpleREST/server.hpp" />
		<Unit filename="../lib/SimpleREST/url.cpp" />
		<Unit filename="../lib/SimpleREST/url.hpp" />
		<Unit filename="../lib/SimpleREST/url_parser.cpp" />
		<Unit filename="../lib/SimpleREST/url_parser.hpp" />
		<Unit filename="../lib/SimpleREST/user_id.cpp" />
		<Unit filename="../lib/SimpleREST/user_id.hpp" />
		<Unit filename="../lib/dukextpp/core.cpp" />
		<Unit filename="../lib/dukextpp/core.hpp" />
		<Unit filename="../lib/dukextpp/duktape.cpp" />
		<Unit filename="../lib/dukextpp/duktape.hpp" />
		<Unit filename="../lib/dukextpp/duktape/src/duk_config.h" />
		<Unit filename="../lib/dukextpp/duktape/src/duktape.c">
			<Option compilerVar="CC" />
		</Unit>
		<Unit filename="../lib/dukextpp/duktape/src/duktape.h" />
		<Unit filename="../lib/dukextpp/object.cpp" />
		<Unit filename="../lib/dukextpp/object.hpp" />
		<Unit filename="../lib/dukextpp/object_fwd.hpp" />
		<Unit filename="../lib/dukextpp/plugins/error/error.cpp" />
		<Unit filename="../lib/dukextpp/plugins/error/error.hpp" />
		<Unit filename="../lib/dukextpp/plugins/node/module/helper.hpp" />
		<Unit filename="../lib/dukextpp/plugins/node/module/module.cpp" />
		<Unit filename="../lib/dukextpp/plugins/node/module/module.hpp" />
		<Unit filename="../lib/dukextpp/plugins/node/module/npm_package.cpp" />
		<Unit filename="../lib/dukextpp/plugins/node/module/npm_package.hpp" />
		<Unit filename="../lib/dukextpp/plugins/node/module/scripts.cpp" />
		<Unit filename="../lib/dukextpp/plugins/node/module/scripts.hpp" />
		<Unit filename="../lib/dukextpp/plugins/node/process/internals/objects.hpp" />
		<Unit filename="../lib/dukextpp/plugins/node/process/process.cpp" />
		<Unit filename="../lib/dukextpp/plugins/node/process/process.hpp" />
		<Unit filename="../lib/dukextpp/plugins/plugin.hpp" />
		<Unit filename="../lib/dukextpp/push_value.cpp" />
		<Unit filename="../lib/dukextpp/push_value.hpp" />
		<Unit filename="../lib/dukextpp/type_stubs.hpp" />
		<Unit filename="../lib/dukextpp/utility.cpp" />
		<Unit filename="../lib/dukextpp/utility.hpp" />
		<Unit filename="../lib/sqlpp11-connector-sqlite3/include/sqlpp11/sqlite3/bind_result.h" />
		<Unit filename="../lib/sqlpp11-connector-sqlite3/include/sqlpp11/sqlite3/connection.h" />
		<Unit filename="../lib/sqlpp11-connector-sqlite3/include/sqlpp11/sqlite3/connection_config.h" />
		<Unit filename="../lib/sqlpp11-connector-sqlite3/include/sqlpp11/sqlite3/insert_or.h" />
		<Unit filename="../lib/sqlpp11-connector-sqlite3/include/sqlpp11/sqlite3/prepared_statement.h" />
		<Unit filename="../lib/sqlpp11-connector-sqlite3/include/sqlpp11/sqlite3/serializer.h" />
		<Unit filename="../lib/sqlpp11-connector-sqlite3/include/sqlpp11/sqlite3/sqlite3.h" />
		<Unit filename="../lib/sqlpp11-connector-sqlite3/src/bind_result.cpp" />
		<Unit filename="../lib/sqlpp11-connector-sqlite3/src/connection.cpp" />
		<Unit filename="../lib/sqlpp11-connector-sqlite3/src/detail/connection_handle.cpp" />
		<Unit filename="../lib/sqlpp11-connector-sqlite3/src/detail/connection_handle.h" />
		<Unit filename="../lib/sqlpp11-connector-sqlite3/src/detail/prepared_statement_handle.h" />
		<Unit filename="../lib/sqlpp11-connector-sqlite3/src/prepared_statement.cpp" />
		<Unit filename="../lib/sqlpp11/connector_api/bind_result.h" />
		<Unit filename="../lib/sqlpp11/connector_api/connection.h" />
		<Unit filename="../lib/sqlpp11/connector_api/interpreter.h" />
		<Unit filename="../lib/sqlpp11/connector_api/prepared_statement.h" />
		<Unit filename="../lib/sqlpp11/include/sqlpp11/alias.h" />
		<Unit filename="../lib/sqlpp11/include/sqlpp11/alias_provider.h" />
		<Unit filename="../lib/sqlpp11/include/sqlpp11/all_of.h" />
		<Unit filename="../lib/sqlpp11/include/sqlpp11/any.h" />
		<Unit filename="../lib/sqlpp11/include/sqlpp11/assignment.h" />
		<Unit filename="../lib/sqlpp11/include/sqlpp11/avg.h" />
		<Unit filename="../lib/sqlpp11/include/sqlpp11/bad_statement.h" />
		<Unit filename="../lib/sqlpp11/include/sqlpp11/basic_expression_operators.h" />
		<Unit filename="../lib/sqlpp11/include/sqlpp11/boolean.h" />
		<Unit filename="../lib/sqlpp11/include/sqlpp11/boolean_expression.h" />
		<Unit filename="../lib/sqlpp11/include/sqlpp11/char_sequence.h" />
		<Unit filename="../lib/sqlpp11/include/sqlpp11/column.h" />
		<Unit filename="../lib/sqlpp11/include/sqlpp11/column_fwd.h" />
		<Unit filename="../lib/sqlpp11/include/sqlpp11/column_types.h" />
		<Unit filename="../lib/sqlpp11/include/sqlpp11/concat.h" />
		<Unit filename="../lib/sqlpp11/include/sqlpp11/connection.h" />
		<Unit filename="../lib/sqlpp11/include/sqlpp11/count.h" />
		<Unit filename="../lib/sqlpp11/include/sqlpp11/cte.h" />
		<Unit filename="../lib/sqlpp11/include/sqlpp11/custom_query.h" />
		<Unit filename="../lib/sqlpp11/include/sqlpp11/default_value.h" />
		<Unit filename="../lib/sqlpp11/include/sqlpp11/detail/copy_tuple_args.h" />
		<Unit filename="../lib/sqlpp11/include/sqlpp11/detail/field_index_sequence.h" />
		<Unit filename="../lib/sqlpp11/include/sqlpp11/detail/get_first.h" />
		<Unit filename="../lib/sqlpp11/include/sqlpp11/detail/get_last.h" />
		<Unit filename="../lib/sqlpp11/include/sqlpp11/detail/index_sequence.h" />
		<Unit filename="../lib/sqlpp11/include/sqlpp11/detail/pick_arg.h" />
		<Unit filename="../lib/sqlpp11/include/sqlpp11/detail/sum.h" />
		<Unit filename="../lib/sqlpp11/include/sqlpp11/detail/type_set.h" />
		<Unit filename="../lib/sqlpp11/include/sqlpp11/detail/type_vector.h" />
		<Unit filename="../lib/sqlpp11/include/sqlpp11/eval.h" />
		<Unit filename="../lib/sqlpp11/include/sqlpp11/exception.h" />
		<Unit filename="../lib/sqlpp11/include/sqlpp11/exists.h" />
		<Unit filename="../lib/sqlpp11/include/sqlpp11/expression.h" />
		<Unit filename="../lib/sqlpp11/include/sqlpp11/expression_fwd.h" />
		<Unit filename="../lib/sqlpp11/include/sqlpp11/extra_tables.h" />
		<Unit filename="../lib/sqlpp11/include/sqlpp11/field_spec.h" />
		<Unit filename="../lib/sqlpp11/include/sqlpp11/floating_point.h" />
		<Unit filename="../lib/sqlpp11/include/sqlpp11/from.h" />
		<Unit filename="../lib/sqlpp11/include/sqlpp11/functions.h" />
		<Unit filename="../lib/sqlpp11/include/sqlpp11/group_by.h" />
		<Unit filename="../lib/sqlpp11/include/sqlpp11/having.h" />
		<Unit filename="../lib/sqlpp11/include/sqlpp11/hidden.h" />
		<Unit filename="../lib/sqlpp11/include/sqlpp11/in.h" />
		<Unit filename="../lib/sqlpp11/include/sqlpp11/in_fwd.h" />
		<Unit filename="../lib/sqlpp11/include/sqlpp11/insert.h" />
		<Unit filename="../lib/sqlpp11/include/sqlpp11/insert_value.h" />
		<Unit filename="../lib/sqlpp11/include/sqlpp11/insert_value_list.h" />
		<Unit filename="../lib/sqlpp11/include/sqlpp11/integral.h" />
		<Unit filename="../lib/sqlpp11/include/sqlpp11/interpret.h" />
		<Unit filename="../lib/sqlpp11/include/sqlpp11/interpret_tuple.h" />
		<Unit filename="../lib/sqlpp11/include/sqlpp11/interpretable.h" />
		<Unit filename="../lib/sqlpp11/include/sqlpp11/interpretable_list.h" />
		<Unit filename="../lib/sqlpp11/include/sqlpp11/interpreter.h" />
		<Unit filename="../lib/sqlpp11/include/sqlpp11/into.h" />
		<Unit filename="../lib/sqlpp11/include/sqlpp11/is_not_null.h" />
		<Unit filename="../lib/sqlpp11/include/sqlpp11/is_null.h" />
		<Unit filename="../lib/sqlpp11/include/sqlpp11/is_null_fwd.h" />
		<Unit filename="../lib/sqlpp11/include/sqlpp11/join.h" />
		<Unit filename="../lib/sqlpp11/include/sqlpp11/like.h" />
		<Unit filename="../lib/sqlpp11/include/sqlpp11/limit.h" />
		<Unit filename="../lib/sqlpp11/include/sqlpp11/logic.h" />
		<Unit filename="../lib/sqlpp11/include/sqlpp11/max.h" />
		<Unit filename="../lib/sqlpp11/include/sqlpp11/min.h" />
		<Unit filename="../lib/sqlpp11/include/sqlpp11/multi_column.h" />
		<Unit filename="../lib/sqlpp11/include/sqlpp11/named_interpretable.h" />
		<Unit filename="../lib/sqlpp11/include/sqlpp11/no_data.h" />
		<Unit filename="../lib/sqlpp11/include/sqlpp11/no_value.h" />
		<Unit filename="../lib/sqlpp11/include/sqlpp11/noop.h" />
		<Unit filename="../lib/sqlpp11/include/sqlpp11/noop_fwd.h" />
		<Unit filename="../lib/sqlpp11/include/sqlpp11/not_in.h" />
		<Unit filename="../lib/sqlpp11/include/sqlpp11/null.h" />
		<Unit filename="../lib/sqlpp11/include/sqlpp11/offset.h" />
		<Unit filename="../lib/sqlpp11/include/sqlpp11/on.h" />
		<Unit filename="../lib/sqlpp11/include/sqlpp11/order_by.h" />
		<Unit filename="../lib/sqlpp11/include/sqlpp11/parameter.h" />
		<Unit filename="../lib/sqlpp11/include/sqlpp11/parameter_list.h" />
		<Unit filename="../lib/sqlpp11/include/sqlpp11/policy_update.h" />
		<Unit filename="../lib/sqlpp11/include/sqlpp11/ppgen.h" />
		<Unit filename="../lib/sqlpp11/include/sqlpp11/ppgen/colops/auto_increment.h" />
		<Unit filename="../lib/sqlpp11/include/sqlpp11/ppgen/colops/blob.h" />
		<Unit filename="../lib/sqlpp11/include/sqlpp11/ppgen/colops/bool.h" />
		<Unit filename="../lib/sqlpp11/include/sqlpp11/ppgen/colops/comment.h" />
		<Unit filename="../lib/sqlpp11/include/sqlpp11/ppgen/colops/datetime.h" />
		<Unit filename="../lib/sqlpp11/include/sqlpp11/ppgen/colops/default.h" />
		<Unit filename="../lib/sqlpp11/include/sqlpp11/ppgen/colops/floating_point.h" />
		<Unit filename="../lib/sqlpp11/include/sqlpp11/ppgen/colops/index.h" />
		<Unit filename="../lib/sqlpp11/include/sqlpp11/ppgen/colops/integer.h" />
		<Unit filename="../lib/sqlpp11/include/sqlpp11/ppgen/colops/key.h" />
		<Unit filename="../lib/sqlpp11/include/sqlpp11/ppgen/colops/not_null.h" />
		<Unit filename="../lib/sqlpp11/include/sqlpp11/ppgen/colops/null.h" />
		<Unit filename="../lib/sqlpp11/include/sqlpp11/ppgen/colops/primary_key.h" />
		<Unit filename="../lib/sqlpp11/include/sqlpp11/ppgen/colops/text.h" />
		<Unit filename="../lib/sqlpp11/include/sqlpp11/ppgen/colops/timestamp.h" />
		<Unit filename="../lib/sqlpp11/include/sqlpp11/ppgen/colops/unique.h" />
		<Unit filename="../lib/sqlpp11/include/sqlpp11/ppgen/colops/varchar.h" />
		<Unit filename="../lib/sqlpp11/include/sqlpp11/ppgen/tblops/character_set.h" />
		<Unit filename="../lib/sqlpp11/include/sqlpp11/ppgen/tblops/comment.h" />
		<Unit filename="../lib/sqlpp11/include/sqlpp11/ppgen/tblops/default.h" />
		<Unit filename="../lib/sqlpp11/include/sqlpp11/ppgen/tblops/engine.h" />
		<Unit filename="../lib/sqlpp11/include/sqlpp11/ppgen/tools/tuple_pop_front.h" />
		<Unit filename="../lib/sqlpp11/include/sqlpp11/ppgen/tools/wrap_seq.h" />
		<Unit filename="../lib/sqlpp11/include/sqlpp11/prepared_execute.h" />
		<Unit filename="../lib/sqlpp11/include/sqlpp11/prepared_insert.h" />
		<Unit filename="../lib/sqlpp11/include/sqlpp11/prepared_remove.h" />
		<Unit filename="../lib/sqlpp11/include/sqlpp11/prepared_select.h" />
		<Unit filename="../lib/sqlpp11/include/sqlpp11/prepared_update.h" />
		<Unit filename="../lib/sqlpp11/include/sqlpp11/remove.h" />
		<Unit filename="../lib/sqlpp11/include/sqlpp11/result.h" />
		<Unit filename="../lib/sqlpp11/include/sqlpp11/result_field.h" />
		<Unit filename="../lib/sqlpp11/include/sqlpp11/result_field_methods.h" />
		<Unit filename="../lib/sqlpp11/include/sqlpp11/result_row.h" />
		<Unit filename="../lib/sqlpp11/include/sqlpp11/result_row_fwd.h" />
		<Unit filename="../lib/sqlpp11/include/sqlpp11/rhs_wrap.h" />
		<Unit filename="../lib/sqlpp11/include/sqlpp11/schema.h" />
		<Unit filename="../lib/sqlpp11/include/sqlpp11/schema_qualified_table.h" />
		<Unit filename="../lib/sqlpp11/include/sqlpp11/select.h" />
		<Unit filename="../lib/sqlpp11/include/sqlpp11/select_column_list.h" />
		<Unit filename="../lib/sqlpp11/include/sqlpp11/select_flag_list.h" />
		<Unit filename="../lib/sqlpp11/include/sqlpp11/select_flags.h" />
		<Unit filename="../lib/sqlpp11/include/sqlpp11/select_pseudo_table.h" />
		<Unit filename="../lib/sqlpp11/include/sqlpp11/serialize.h" />
		<Unit filename="../lib/sqlpp11/include/sqlpp11/serializer.h" />
		<Unit filename="../lib/sqlpp11/include/sqlpp11/serializer_context.h" />
		<Unit filename="../lib/sqlpp11/include/sqlpp11/simple_column.h" />
		<Unit filename="../lib/sqlpp11/include/sqlpp11/single_table.h" />
		<Unit filename="../lib/sqlpp11/include/sqlpp11/some.h" />
		<Unit filename="../lib/sqlpp11/include/sqlpp11/sort_order.h" />
		<Unit filename="../lib/sqlpp11/include/sqlpp11/sqlpp11.h" />
		<Unit filename="../lib/sqlpp11/include/sqlpp11/statement.h" />
		<Unit filename="../lib/sqlpp11/include/sqlpp11/statement_fwd.h" />
		<Unit filename="../lib/sqlpp11/include/sqlpp11/sum.h" />
		<Unit filename="../lib/sqlpp11/include/sqlpp11/table.h" />
		<Unit filename="../lib/sqlpp11/include/sqlpp11/table_alias.h" />
		<Unit filename="../lib/sqlpp11/include/sqlpp11/table_ref.h" />
		<Unit filename="../lib/sqlpp11/include/sqlpp11/text.h" />
		<Unit filename="../lib/sqlpp11/include/sqlpp11/transaction.h" />
		<Unit filename="../lib/sqlpp11/include/sqlpp11/tvin.h" />
		<Unit filename="../lib/sqlpp11/include/sqlpp11/type_traits.h" />
		<Unit filename="../lib/sqlpp11/include/sqlpp11/union.h" />
		<Unit filename="../lib/sqlpp11/include/sqlpp11/union_data.h" />
		<Unit filename="../lib/sqlpp11/include/sqlpp11/union_flags.h" />
		<Unit filename="../lib/sqlpp11/include/sqlpp11/update.h" />
		<Unit filename="../lib/sqlpp11/include/sqlpp11/update_list.h" />
		<Unit filename="../lib/sqlpp11/include/sqlpp11/using.h" />
		<Unit filename="../lib/sqlpp11/include/sqlpp11/value_or_null.h" />
		<Unit filename="../lib/sqlpp11/include/sqlpp11/value_type.h" />
		<Unit filename="../lib/sqlpp11/include/sqlpp11/value_type_fwd.h" />
		<Unit filename="../lib/sqlpp11/include/sqlpp11/verbatim.h" />
		<Unit filename="../lib/sqlpp11/include/sqlpp11/verbatim_table.h" />
		<Unit filename="../lib/sqlpp11/include/sqlpp11/where.h" />
		<Unit filename="../lib/sqlpp11/include/sqlpp11/with.h" />
		<Unit filename="../lib/sqlpp11/include/sqlpp11/wrap_operand.h" />
		<Unit filename="../lib/sqlpp11/include/sqlpp11/wrap_operand_fwd.h" />
		<Unit filename="../lib/sqlpp11/include/sqlpp11/wrong.h" />
		<Unit filename="database.hpp" />
		<Unit filename="database/database.hpp" />
		<Unit filename="database/tables/tokens.hpp" />
		<Unit filename="database/tables/user_table.hpp" />
		<Unit filename="main.cpp" />
		<Extensions>
			<code_completion />
			<envvars />
			<debugger />
			<lib_finder disable_auto="1" />
		</Extensions>
	</Project>
</CodeBlocks_project_file>
